
Microsoft Visual Studio Solution File, Format Version 12.00
# Visual Studio Version 16
VisualStudioVersion = 16.0.31129.286
MinimumVisualStudioVersion = 10.0.40219.1
Project("{FAE04EC0-301F-11D3-BF4B-00C04F79EFBC}") = "MyB7Project", "MyB7Project\MyB7Project.csproj", "{6ACA788A-391F-40C4-AA62-67599E66A37C}"
EndProject
Global
	GlobalSection(SolutionConfigurationPlatforms) = preSolution
		Debug|Any CPU = Debug|Any CPU
		Release|Any CPU = Release|Any CPU
	EndGlobalSection
	GlobalSection(ProjectConfigurationPlatforms) = postSolution
		{6ACA788A-391F-40C4-AA62-67599E66A37C}.Debug|Any CPU.ActiveCfg = Debug|Any CPU
		{6ACA788A-391F-40C4-AA62-67599E66A37C}.Debug|Any CPU.Build.0 = Debug|Any CPU
		{6ACA788A-391F-40C4-AA62-67599E66A37C}.Release|Any CPU.ActiveCfg = Release|Any CPU
		{6ACA788A-391F-40C4-AA62-67599E66A37C}.Release|Any CPU.Build.0 = Release|Any CPU
	EndGlobalSection
	GlobalSection(SolutionProperties) = preSolution
		HideSolutionNode = FALSE
	EndGlobalSection
	GlobalSection(ExtensibilityGlobals) = postSolution
		SolutionGuid = {37A954F4-9FDF-49A5-9680-4B0B16EEEF85}
	EndGlobalSection
EndGlobal
